// !$*UTF8*$!
{
	archiveVersion = 1;
	classes = {
	};
	objectVersion = 56;
	objects = {

/* Begin PBXBuildFile section */
		7A01FB442B766D3800A813A5 /* CellWithImage.swift in Sources */ = {isa = PBXBuildFile; fileRef = 7A01FB432B766D3700A813A5 /* CellWithImage.swift */; };
		7A01FB482B76B2FA00A813A5 /* CharacterListViewModel.swift in Sources */ = {isa = PBXBuildFile; fileRef = 7A01FB472B76B2FA00A813A5 /* CharacterListViewModel.swift */; };
		7A01FB4A2B76B33000A813A5 /* FetchAllCharactersUseCaseProtocol.swift in Sources */ = {isa = PBXBuildFile; fileRef = 7A01FB492B76B33000A813A5 /* FetchAllCharactersUseCaseProtocol.swift */; };
		7A01FB4C2B76B33E00A813A5 /* FetchAllCharactersUseCase.swift in Sources */ = {isa = PBXBuildFile; fileRef = 7A01FB4B2B76B33E00A813A5 /* FetchAllCharactersUseCase.swift */; };
		7A01FB4E2B76B4C900A813A5 /* CharacterListRepositoryProtocol.swift in Sources */ = {isa = PBXBuildFile; fileRef = 7A01FB4D2B76B4C900A813A5 /* CharacterListRepositoryProtocol.swift */; };
		7A01FB502B76B4D000A813A5 /* CharacterListRepository.swift in Sources */ = {isa = PBXBuildFile; fileRef = 7A01FB4F2B76B4D000A813A5 /* CharacterListRepository.swift */; };
		7A01FB522B76B55E00A813A5 /* CharacterModel.swift in Sources */ = {isa = PBXBuildFile; fileRef = 7A01FB512B76B55E00A813A5 /* CharacterModel.swift */; };
		7A01FB542B76F3AE00A813A5 /* CharacterListDTO.swift in Sources */ = {isa = PBXBuildFile; fileRef = 7A01FB532B76F3AE00A813A5 /* CharacterListDTO.swift */; };
		7A01FB572B76F6B300A813A5 /* CharacterListConstants.swift in Sources */ = {isa = PBXBuildFile; fileRef = 7A01FB562B76F6B300A813A5 /* CharacterListConstants.swift */; };
		7A01FB5A2B76F70C00A813A5 /* CustomError.swift in Sources */ = {isa = PBXBuildFile; fileRef = 7A01FB592B76F70C00A813A5 /* CustomError.swift */; };
		7A01FB5C2B77D58900A813A5 /* CharactersSceneBuilder.swift in Sources */ = {isa = PBXBuildFile; fileRef = 7A01FB5B2B77D58800A813A5 /* CharactersSceneBuilder.swift */; };
		7A01FB602B79995800A813A5 /* CharacterListViewData.swift in Sources */ = {isa = PBXBuildFile; fileRef = 7A01FB5F2B79995800A813A5 /* CharacterListViewData.swift */; };
		7A01FB622B7A70CC00A813A5 /* CharacterDetailView.swift in Sources */ = {isa = PBXBuildFile; fileRef = 7A01FB612B7A70CC00A813A5 /* CharacterDetailView.swift */; };
		7A01FB642B7ADEF600A813A5 /* CharactersSceneCoordinatorView.swift in Sources */ = {isa = PBXBuildFile; fileRef = 7A01FB632B7ADEF600A813A5 /* CharactersSceneCoordinatorView.swift */; };
		7A01FB662B7ADF0400A813A5 /* CharactersSceneCoordinatorViewModel.swift in Sources */ = {isa = PBXBuildFile; fileRef = 7A01FB652B7ADF0400A813A5 /* CharactersSceneCoordinatorViewModel.swift */; };
		7A01FB6C2B7ADFCD00A813A5 /* CharactersSceneCoordinatorViewModelProtocol.swift in Sources */ = {isa = PBXBuildFile; fileRef = 7A01FB6B2B7ADFCD00A813A5 /* CharactersSceneCoordinatorViewModelProtocol.swift */; };
		7A01FB6E2B7AE07B00A813A5 /* CharactersScenePushNavigationType.swift in Sources */ = {isa = PBXBuildFile; fileRef = 7A01FB6D2B7AE07B00A813A5 /* CharactersScenePushNavigationType.swift */; };
		7A01FB702B7AFE7500A813A5 /* CoordinatorProtocol.swift in Sources */ = {isa = PBXBuildFile; fileRef = 7A01FB6F2B7AFE7500A813A5 /* CoordinatorProtocol.swift */; };
		7A092AF42B765B1900CE50CD /* TheStartWarsGuideApp.swift in Sources */ = {isa = PBXBuildFile; fileRef = 7A092AF32B765B1900CE50CD /* TheStartWarsGuideApp.swift */; };
		7A092AF82B765B1E00CE50CD /* Assets.xcassets in Resources */ = {isa = PBXBuildFile; fileRef = 7A092AF72B765B1E00CE50CD /* Assets.xcassets */; };
		7A092AFB2B765B1E00CE50CD /* Preview Assets.xcassets in Resources */ = {isa = PBXBuildFile; fileRef = 7A092AFA2B765B1E00CE50CD /* Preview Assets.xcassets */; };
		7A092B052B765B1F00CE50CD /* TheStartWarsGuideTests.swift in Sources */ = {isa = PBXBuildFile; fileRef = 7A092B042B765B1F00CE50CD /* TheStartWarsGuideTests.swift */; };
		7A092B0F2B765B1F00CE50CD /* TheStartWarsGuideUITests.swift in Sources */ = {isa = PBXBuildFile; fileRef = 7A092B0E2B765B1F00CE50CD /* TheStartWarsGuideUITests.swift */; };
		7A092B112B765B1F00CE50CD /* TheStartWarsGuideUITestsLaunchTests.swift in Sources */ = {isa = PBXBuildFile; fileRef = 7A092B102B765B1F00CE50CD /* TheStartWarsGuideUITestsLaunchTests.swift */; };
		7A092B342B76673200CE50CD /* CharacterListView.swift in Sources */ = {isa = PBXBuildFile; fileRef = 7A092B332B76673200CE50CD /* CharacterListView.swift */; };
		7A50C8012B7D3119003B7A64 /* CharacterDetailViewModelProtocol.swift in Sources */ = {isa = PBXBuildFile; fileRef = 7A50C8002B7D3119003B7A64 /* CharacterDetailViewModelProtocol.swift */; };
		7A50C8032B7D3129003B7A64 /* CharacterDetailViewModel.swift in Sources */ = {isa = PBXBuildFile; fileRef = 7A50C8022B7D3129003B7A64 /* CharacterDetailViewModel.swift */; };
		7A50C8052B7D3BBC003B7A64 /* FetchPlanetInformationUseCaseProtocol.swift in Sources */ = {isa = PBXBuildFile; fileRef = 7A50C8042B7D3BBC003B7A64 /* FetchPlanetInformationUseCaseProtocol.swift */; };
		7A50C8092B7D3D77003B7A64 /* FetchVehiclesUseCaseProtocol.swift in Sources */ = {isa = PBXBuildFile; fileRef = 7A50C8082B7D3D77003B7A64 /* FetchVehiclesUseCaseProtocol.swift */; };
		7A50C80B2B7D3DA5003B7A64 /* CharacterDetailRepositoryProtocol.swift in Sources */ = {isa = PBXBuildFile; fileRef = 7A50C80A2B7D3DA5003B7A64 /* CharacterDetailRepositoryProtocol.swift */; };
		7A50C80D2B7D3DB5003B7A64 /* CharacterDetailRepository.swift in Sources */ = {isa = PBXBuildFile; fileRef = 7A50C80C2B7D3DB5003B7A64 /* CharacterDetailRepository.swift */; };
		7A50C80F2B7D3E5A003B7A64 /* PlanetModel.swift in Sources */ = {isa = PBXBuildFile; fileRef = 7A50C80E2B7D3E5A003B7A64 /* PlanetModel.swift */; };
		7A50C8112B7D3F4D003B7A64 /* VehicleModel.swift in Sources */ = {isa = PBXBuildFile; fileRef = 7A50C8102B7D3F4D003B7A64 /* VehicleModel.swift */; };
		7A50C8132B7D42AC003B7A64 /* FilmModel.swift in Sources */ = {isa = PBXBuildFile; fileRef = 7A50C8122B7D42AC003B7A64 /* FilmModel.swift */; };
		7A50C8152B7D4314003B7A64 /* FetchFilmsUseCaseProtocol.swift in Sources */ = {isa = PBXBuildFile; fileRef = 7A50C8142B7D4314003B7A64 /* FetchFilmsUseCaseProtocol.swift */; };
		7A50C8172B7D43E9003B7A64 /* FetchPlanetInformationUseCase.swift in Sources */ = {isa = PBXBuildFile; fileRef = 7A50C8162B7D43E9003B7A64 /* FetchPlanetInformationUseCase.swift */; };
		7A50C81A2B7D45DD003B7A64 /* NetworkingClientProtocol.swift in Sources */ = {isa = PBXBuildFile; fileRef = 7A50C8192B7D45DD003B7A64 /* NetworkingClientProtocol.swift */; };
		7A50C81E2B7D46E4003B7A64 /* NetworkingRestClient.swift in Sources */ = {isa = PBXBuildFile; fileRef = 7A50C81D2B7D46E4003B7A64 /* NetworkingRestClient.swift */; };
		7A50C8202B7D4AE2003B7A64 /* FetchVehiclesUseCase.swift in Sources */ = {isa = PBXBuildFile; fileRef = 7A50C81F2B7D4AE2003B7A64 /* FetchVehiclesUseCase.swift */; };
		7A50C8222B7D86D7003B7A64 /* FetchFilmsUseCase.swift in Sources */ = {isa = PBXBuildFile; fileRef = 7A50C8212B7D86D7003B7A64 /* FetchFilmsUseCase.swift */; };
		7A50C8242B7D89FE003B7A64 /* CharacterDetailViewData.swift in Sources */ = {isa = PBXBuildFile; fileRef = 7A50C8232B7D89FE003B7A64 /* CharacterDetailViewData.swift */; };
		7A50C8262B7D8A25003B7A64 /* FilmViewData.swift in Sources */ = {isa = PBXBuildFile; fileRef = 7A50C8252B7D8A25003B7A64 /* FilmViewData.swift */; };
		7A50C8282B7D8A41003B7A64 /* VehicleViewData.swift in Sources */ = {isa = PBXBuildFile; fileRef = 7A50C8272B7D8A41003B7A64 /* VehicleViewData.swift */; };
		7A50C82A2B7D8A48003B7A64 /* PlanetViewData.swift in Sources */ = {isa = PBXBuildFile; fileRef = 7A50C8292B7D8A48003B7A64 /* PlanetViewData.swift */; };
		7AD572732B7B096000492A14 /* CharacterListViewModelProtocol.swift in Sources */ = {isa = PBXBuildFile; fileRef = 7AD572722B7B096000492A14 /* CharacterListViewModelProtocol.swift */; };
		7AD572752B7C5AFE00492A14 /* NavigationTypeProtocols.swift in Sources */ = {isa = PBXBuildFile; fileRef = 7AD572742B7C5AFE00492A14 /* NavigationTypeProtocols.swift */; };
/* End PBXBuildFile section */

/* Begin PBXContainerItemProxy section */
		7A092B012B765B1F00CE50CD /* PBXContainerItemProxy */ = {
			isa = PBXContainerItemProxy;
			containerPortal = 7A092AE82B765B1900CE50CD /* Project object */;
			proxyType = 1;
			remoteGlobalIDString = 7A092AEF2B765B1900CE50CD;
			remoteInfo = TheStartWarsGuide;
		};
		7A092B0B2B765B1F00CE50CD /* PBXContainerItemProxy */ = {
			isa = PBXContainerItemProxy;
			containerPortal = 7A092AE82B765B1900CE50CD /* Project object */;
			proxyType = 1;
			remoteGlobalIDString = 7A092AEF2B765B1900CE50CD;
			remoteInfo = TheStartWarsGuide;
		};
/* End PBXContainerItemProxy section */

/* Begin PBXFileReference section */
		7A01FB432B766D3700A813A5 /* CellWithImage.swift */ = {isa = PBXFileReference; lastKnownFileType = sourcecode.swift; path = CellWithImage.swift; sourceTree = "<group>"; };
		7A01FB472B76B2FA00A813A5 /* CharacterListViewModel.swift */ = {isa = PBXFileReference; lastKnownFileType = sourcecode.swift; path = CharacterListViewModel.swift; sourceTree = "<group>"; };
		7A01FB492B76B33000A813A5 /* FetchAllCharactersUseCaseProtocol.swift */ = {isa = PBXFileReference; lastKnownFileType = sourcecode.swift; path = FetchAllCharactersUseCaseProtocol.swift; sourceTree = "<group>"; };
		7A01FB4B2B76B33E00A813A5 /* FetchAllCharactersUseCase.swift */ = {isa = PBXFileReference; lastKnownFileType = sourcecode.swift; path = FetchAllCharactersUseCase.swift; sourceTree = "<group>"; };
		7A01FB4D2B76B4C900A813A5 /* CharacterListRepositoryProtocol.swift */ = {isa = PBXFileReference; lastKnownFileType = sourcecode.swift; path = CharacterListRepositoryProtocol.swift; sourceTree = "<group>"; };
		7A01FB4F2B76B4D000A813A5 /* CharacterListRepository.swift */ = {isa = PBXFileReference; lastKnownFileType = sourcecode.swift; path = CharacterListRepository.swift; sourceTree = "<group>"; };
		7A01FB512B76B55E00A813A5 /* CharacterModel.swift */ = {isa = PBXFileReference; lastKnownFileType = sourcecode.swift; path = CharacterModel.swift; sourceTree = "<group>"; };
		7A01FB532B76F3AE00A813A5 /* CharacterListDTO.swift */ = {isa = PBXFileReference; lastKnownFileType = sourcecode.swift; path = CharacterListDTO.swift; sourceTree = "<group>"; };
		7A01FB562B76F6B300A813A5 /* CharacterListConstants.swift */ = {isa = PBXFileReference; lastKnownFileType = sourcecode.swift; path = CharacterListConstants.swift; sourceTree = "<group>"; };
		7A01FB592B76F70C00A813A5 /* CustomError.swift */ = {isa = PBXFileReference; lastKnownFileType = sourcecode.swift; path = CustomError.swift; sourceTree = "<group>"; };
		7A01FB5B2B77D58800A813A5 /* CharactersSceneBuilder.swift */ = {isa = PBXFileReference; lastKnownFileType = sourcecode.swift; path = CharactersSceneBuilder.swift; sourceTree = "<group>"; };
		7A01FB5F2B79995800A813A5 /* CharacterListViewData.swift */ = {isa = PBXFileReference; lastKnownFileType = sourcecode.swift; path = CharacterListViewData.swift; sourceTree = "<group>"; };
		7A01FB612B7A70CC00A813A5 /* CharacterDetailView.swift */ = {isa = PBXFileReference; lastKnownFileType = sourcecode.swift; path = CharacterDetailView.swift; sourceTree = "<group>"; };
		7A01FB632B7ADEF600A813A5 /* CharactersSceneCoordinatorView.swift */ = {isa = PBXFileReference; lastKnownFileType = sourcecode.swift; path = CharactersSceneCoordinatorView.swift; sourceTree = "<group>"; };
		7A01FB652B7ADF0400A813A5 /* CharactersSceneCoordinatorViewModel.swift */ = {isa = PBXFileReference; lastKnownFileType = sourcecode.swift; path = CharactersSceneCoordinatorViewModel.swift; sourceTree = "<group>"; };
		7A01FB6B2B7ADFCD00A813A5 /* CharactersSceneCoordinatorViewModelProtocol.swift */ = {isa = PBXFileReference; lastKnownFileType = sourcecode.swift; path = CharactersSceneCoordinatorViewModelProtocol.swift; sourceTree = "<group>"; };
		7A01FB6D2B7AE07B00A813A5 /* CharactersScenePushNavigationType.swift */ = {isa = PBXFileReference; lastKnownFileType = sourcecode.swift; path = CharactersScenePushNavigationType.swift; sourceTree = "<group>"; };
		7A01FB6F2B7AFE7500A813A5 /* CoordinatorProtocol.swift */ = {isa = PBXFileReference; lastKnownFileType = sourcecode.swift; path = CoordinatorProtocol.swift; sourceTree = "<group>"; };
		7A092AF02B765B1900CE50CD /* TheStartWarsGuide.app */ = {isa = PBXFileReference; explicitFileType = wrapper.application; includeInIndex = 0; path = TheStartWarsGuide.app; sourceTree = BUILT_PRODUCTS_DIR; };
		7A092AF32B765B1900CE50CD /* TheStartWarsGuideApp.swift */ = {isa = PBXFileReference; lastKnownFileType = sourcecode.swift; path = TheStartWarsGuideApp.swift; sourceTree = "<group>"; };
		7A092AF72B765B1E00CE50CD /* Assets.xcassets */ = {isa = PBXFileReference; lastKnownFileType = folder.assetcatalog; path = Assets.xcassets; sourceTree = "<group>"; };
		7A092AFA2B765B1E00CE50CD /* Preview Assets.xcassets */ = {isa = PBXFileReference; lastKnownFileType = folder.assetcatalog; path = "Preview Assets.xcassets"; sourceTree = "<group>"; };
		7A092B002B765B1F00CE50CD /* TheStartWarsGuideTests.xctest */ = {isa = PBXFileReference; explicitFileType = wrapper.cfbundle; includeInIndex = 0; path = TheStartWarsGuideTests.xctest; sourceTree = BUILT_PRODUCTS_DIR; };
		7A092B042B765B1F00CE50CD /* TheStartWarsGuideTests.swift */ = {isa = PBXFileReference; lastKnownFileType = sourcecode.swift; path = TheStartWarsGuideTests.swift; sourceTree = "<group>"; };
		7A092B0A2B765B1F00CE50CD /* TheStartWarsGuideUITests.xctest */ = {isa = PBXFileReference; explicitFileType = wrapper.cfbundle; includeInIndex = 0; path = TheStartWarsGuideUITests.xctest; sourceTree = BUILT_PRODUCTS_DIR; };
		7A092B0E2B765B1F00CE50CD /* TheStartWarsGuideUITests.swift */ = {isa = PBXFileReference; lastKnownFileType = sourcecode.swift; path = TheStartWarsGuideUITests.swift; sourceTree = "<group>"; };
		7A092B102B765B1F00CE50CD /* TheStartWarsGuideUITestsLaunchTests.swift */ = {isa = PBXFileReference; lastKnownFileType = sourcecode.swift; path = TheStartWarsGuideUITestsLaunchTests.swift; sourceTree = "<group>"; };
		7A092B332B76673200CE50CD /* CharacterListView.swift */ = {isa = PBXFileReference; lastKnownFileType = sourcecode.swift; path = CharacterListView.swift; sourceTree = "<group>"; };
		7A50C8002B7D3119003B7A64 /* CharacterDetailViewModelProtocol.swift */ = {isa = PBXFileReference; lastKnownFileType = sourcecode.swift; path = CharacterDetailViewModelProtocol.swift; sourceTree = "<group>"; };
		7A50C8022B7D3129003B7A64 /* CharacterDetailViewModel.swift */ = {isa = PBXFileReference; lastKnownFileType = sourcecode.swift; path = CharacterDetailViewModel.swift; sourceTree = "<group>"; };
		7A50C8042B7D3BBC003B7A64 /* FetchPlanetInformationUseCaseProtocol.swift */ = {isa = PBXFileReference; lastKnownFileType = sourcecode.swift; path = FetchPlanetInformationUseCaseProtocol.swift; sourceTree = "<group>"; };
		7A50C8082B7D3D77003B7A64 /* FetchVehiclesUseCaseProtocol.swift */ = {isa = PBXFileReference; lastKnownFileType = sourcecode.swift; path = FetchVehiclesUseCaseProtocol.swift; sourceTree = "<group>"; };
		7A50C80A2B7D3DA5003B7A64 /* CharacterDetailRepositoryProtocol.swift */ = {isa = PBXFileReference; lastKnownFileType = sourcecode.swift; path = CharacterDetailRepositoryProtocol.swift; sourceTree = "<group>"; };
		7A50C80C2B7D3DB5003B7A64 /* CharacterDetailRepository.swift */ = {isa = PBXFileReference; lastKnownFileType = sourcecode.swift; path = CharacterDetailRepository.swift; sourceTree = "<group>"; };
		7A50C80E2B7D3E5A003B7A64 /* PlanetModel.swift */ = {isa = PBXFileReference; lastKnownFileType = sourcecode.swift; path = PlanetModel.swift; sourceTree = "<group>"; };
		7A50C8102B7D3F4D003B7A64 /* VehicleModel.swift */ = {isa = PBXFileReference; lastKnownFileType = sourcecode.swift; path = VehicleModel.swift; sourceTree = "<group>"; };
		7A50C8122B7D42AC003B7A64 /* FilmModel.swift */ = {isa = PBXFileReference; lastKnownFileType = sourcecode.swift; path = FilmModel.swift; sourceTree = "<group>"; };
		7A50C8142B7D4314003B7A64 /* FetchFilmsUseCaseProtocol.swift */ = {isa = PBXFileReference; lastKnownFileType = sourcecode.swift; path = FetchFilmsUseCaseProtocol.swift; sourceTree = "<group>"; };
		7A50C8162B7D43E9003B7A64 /* FetchPlanetInformationUseCase.swift */ = {isa = PBXFileReference; lastKnownFileType = sourcecode.swift; path = FetchPlanetInformationUseCase.swift; sourceTree = "<group>"; };
		7A50C8192B7D45DD003B7A64 /* NetworkingClientProtocol.swift */ = {isa = PBXFileReference; lastKnownFileType = sourcecode.swift; path = NetworkingClientProtocol.swift; sourceTree = "<group>"; };
		7A50C81D2B7D46E4003B7A64 /* NetworkingRestClient.swift */ = {isa = PBXFileReference; lastKnownFileType = sourcecode.swift; path = NetworkingRestClient.swift; sourceTree = "<group>"; };
		7A50C81F2B7D4AE2003B7A64 /* FetchVehiclesUseCase.swift */ = {isa = PBXFileReference; lastKnownFileType = sourcecode.swift; path = FetchVehiclesUseCase.swift; sourceTree = "<group>"; };
		7A50C8212B7D86D7003B7A64 /* FetchFilmsUseCase.swift */ = {isa = PBXFileReference; lastKnownFileType = sourcecode.swift; path = FetchFilmsUseCase.swift; sourceTree = "<group>"; };
		7A50C8232B7D89FE003B7A64 /* CharacterDetailViewData.swift */ = {isa = PBXFileReference; lastKnownFileType = sourcecode.swift; path = CharacterDetailViewData.swift; sourceTree = "<group>"; };
		7A50C8252B7D8A25003B7A64 /* FilmViewData.swift */ = {isa = PBXFileReference; lastKnownFileType = sourcecode.swift; path = FilmViewData.swift; sourceTree = "<group>"; };
		7A50C8272B7D8A41003B7A64 /* VehicleViewData.swift */ = {isa = PBXFileReference; lastKnownFileType = sourcecode.swift; path = VehicleViewData.swift; sourceTree = "<group>"; };
		7A50C8292B7D8A48003B7A64 /* PlanetViewData.swift */ = {isa = PBXFileReference; lastKnownFileType = sourcecode.swift; path = PlanetViewData.swift; sourceTree = "<group>"; };
		7AD572722B7B096000492A14 /* CharacterListViewModelProtocol.swift */ = {isa = PBXFileReference; lastKnownFileType = sourcecode.swift; path = CharacterListViewModelProtocol.swift; sourceTree = "<group>"; };
		7AD572742B7C5AFE00492A14 /* NavigationTypeProtocols.swift */ = {isa = PBXFileReference; lastKnownFileType = sourcecode.swift; path = NavigationTypeProtocols.swift; sourceTree = "<group>"; };
/* End PBXFileReference section */

/* Begin PBXFrameworksBuildPhase section */
		7A092AED2B765B1900CE50CD /* Frameworks */ = {
			isa = PBXFrameworksBuildPhase;
			buildActionMask = 2147483647;
			files = (
			);
			runOnlyForDeploymentPostprocessing = 0;
		};
		7A092AFD2B765B1F00CE50CD /* Frameworks */ = {
			isa = PBXFrameworksBuildPhase;
			buildActionMask = 2147483647;
			files = (
			);
			runOnlyForDeploymentPostprocessing = 0;
		};
		7A092B072B765B1F00CE50CD /* Frameworks */ = {
			isa = PBXFrameworksBuildPhase;
			buildActionMask = 2147483647;
			files = (
			);
			runOnlyForDeploymentPostprocessing = 0;
		};
/* End PBXFrameworksBuildPhase section */

/* Begin PBXGroup section */
		7A01FB452B766E6C00A813A5 /* Common */ = {
			isa = PBXGroup;
			children = (
				7A50C8182B7D45AC003B7A64 /* Networking */,
				7A01FB682B7ADF3700A813A5 /* Navigation */,
				7A01FB582B76F6F500A813A5 /* Errors */,
				7A01FB552B76F67F00A813A5 /* Constants */,
				7A01FB462B766E7600A813A5 /* Views */,
			);
			path = Common;
			sourceTree = "<group>";
		};
		7A01FB462B766E7600A813A5 /* Views */ = {
			isa = PBXGroup;
			children = (
				7A01FB432B766D3700A813A5 /* CellWithImage.swift */,
			);
			path = Views;
			sourceTree = "<group>";
		};
		7A01FB552B76F67F00A813A5 /* Constants */ = {
			isa = PBXGroup;
			children = (
				7A01FB562B76F6B300A813A5 /* CharacterListConstants.swift */,
			);
			path = Constants;
			sourceTree = "<group>";
		};
		7A01FB582B76F6F500A813A5 /* Errors */ = {
			isa = PBXGroup;
			children = (
				7A01FB592B76F70C00A813A5 /* CustomError.swift */,
			);
			path = Errors;
			sourceTree = "<group>";
		};
		7A01FB672B7ADF0800A813A5 /* Navigation */ = {
			isa = PBXGroup;
			children = (
				7A01FB632B7ADEF600A813A5 /* CharactersSceneCoordinatorView.swift */,
				7A01FB6B2B7ADFCD00A813A5 /* CharactersSceneCoordinatorViewModelProtocol.swift */,
				7A01FB652B7ADF0400A813A5 /* CharactersSceneCoordinatorViewModel.swift */,
				7A01FB6D2B7AE07B00A813A5 /* CharactersScenePushNavigationType.swift */,
			);
			path = Navigation;
			sourceTree = "<group>";
		};
		7A01FB682B7ADF3700A813A5 /* Navigation */ = {
			isa = PBXGroup;
			children = (
				7A01FB6F2B7AFE7500A813A5 /* CoordinatorProtocol.swift */,
				7AD572742B7C5AFE00492A14 /* NavigationTypeProtocols.swift */,
			);
			path = Navigation;
			sourceTree = "<group>";
		};
		7A092AE72B765B1900CE50CD = {
			isa = PBXGroup;
			children = (
				7A092AF22B765B1900CE50CD /* TheStartWarsGuide */,
				7A092B032B765B1F00CE50CD /* TheStartWarsGuideTests */,
				7A092B0D2B765B1F00CE50CD /* TheStartWarsGuideUITests */,
				7A092AF12B765B1900CE50CD /* Products */,
			);
			sourceTree = "<group>";
		};
		7A092AF12B765B1900CE50CD /* Products */ = {
			isa = PBXGroup;
			children = (
				7A092AF02B765B1900CE50CD /* TheStartWarsGuide.app */,
				7A092B002B765B1F00CE50CD /* TheStartWarsGuideTests.xctest */,
				7A092B0A2B765B1F00CE50CD /* TheStartWarsGuideUITests.xctest */,
			);
			name = Products;
			sourceTree = "<group>";
		};
		7A092AF22B765B1900CE50CD /* TheStartWarsGuide */ = {
			isa = PBXGroup;
			children = (
				7A01FB452B766E6C00A813A5 /* Common */,
				7A092B1D2B76654100CE50CD /* Scenes */,
				7A092AF32B765B1900CE50CD /* TheStartWarsGuideApp.swift */,
				7A092AF72B765B1E00CE50CD /* Assets.xcassets */,
				7A092AF92B765B1E00CE50CD /* Preview Content */,
			);
			path = TheStartWarsGuide;
			sourceTree = "<group>";
		};
		7A092AF92B765B1E00CE50CD /* Preview Content */ = {
			isa = PBXGroup;
			children = (
				7A092AFA2B765B1E00CE50CD /* Preview Assets.xcassets */,
			);
			path = "Preview Content";
			sourceTree = "<group>";
		};
		7A092B032B765B1F00CE50CD /* TheStartWarsGuideTests */ = {
			isa = PBXGroup;
			children = (
				7A092B042B765B1F00CE50CD /* TheStartWarsGuideTests.swift */,
			);
			path = TheStartWarsGuideTests;
			sourceTree = "<group>";
		};
		7A092B0D2B765B1F00CE50CD /* TheStartWarsGuideUITests */ = {
			isa = PBXGroup;
			children = (
				7A092B0E2B765B1F00CE50CD /* TheStartWarsGuideUITests.swift */,
				7A092B102B765B1F00CE50CD /* TheStartWarsGuideUITestsLaunchTests.swift */,
			);
			path = TheStartWarsGuideUITests;
			sourceTree = "<group>";
		};
		7A092B1D2B76654100CE50CD /* Scenes */ = {
			isa = PBXGroup;
			children = (
				7A092B1E2B76654C00CE50CD /* Characters */,
			);
			path = Scenes;
			sourceTree = "<group>";
		};
		7A092B1E2B76654C00CE50CD /* Characters */ = {
			isa = PBXGroup;
			children = (
				7A092B232B76661100CE50CD /* SceneBuilder */,
				7A01FB672B7ADF0800A813A5 /* Navigation */,
				7A092B1F2B76655A00CE50CD /* List */,
				7A092B222B7665A600CE50CD /* Detail */,
			);
			path = Characters;
			sourceTree = "<group>";
		};
		7A092B1F2B76655A00CE50CD /* List */ = {
			isa = PBXGroup;
			children = (
				7A092B282B76664300CE50CD /* Repository */,
				7A092B272B76663700CE50CD /* UseCases */,
				7A092B262B76663100CE50CD /* Presentation */,
				7A092B252B76662800CE50CD /* View */,
			);
			path = List;
			sourceTree = "<group>";
		};
		7A092B222B7665A600CE50CD /* Detail */ = {
			isa = PBXGroup;
			children = (
				7A092B2E2B7666E700CE50CD /* Repository */,
				7A092B2D2B7666E100CE50CD /* UseCases */,
				7A092B2C2B7666DD00CE50CD /* Presentation */,
				7A092B2B2B7666D900CE50CD /* View */,
			);
			path = Detail;
			sourceTree = "<group>";
		};
		7A092B232B76661100CE50CD /* SceneBuilder */ = {
			isa = PBXGroup;
			children = (
				7A01FB5B2B77D58800A813A5 /* CharactersSceneBuilder.swift */,
			);
			path = SceneBuilder;
			sourceTree = "<group>";
		};
		7A092B252B76662800CE50CD /* View */ = {
			isa = PBXGroup;
			children = (
				7A092B332B76673200CE50CD /* CharacterListView.swift */,
				7A01FB5F2B79995800A813A5 /* CharacterListViewData.swift */,
			);
			path = View;
			sourceTree = "<group>";
		};
		7A092B262B76663100CE50CD /* Presentation */ = {
			isa = PBXGroup;
			children = (
				7AD572722B7B096000492A14 /* CharacterListViewModelProtocol.swift */,
				7A01FB472B76B2FA00A813A5 /* CharacterListViewModel.swift */,
				7A01FB512B76B55E00A813A5 /* CharacterModel.swift */,
			);
			path = Presentation;
			sourceTree = "<group>";
		};
		7A092B272B76663700CE50CD /* UseCases */ = {
			isa = PBXGroup;
			children = (
				7A01FB492B76B33000A813A5 /* FetchAllCharactersUseCaseProtocol.swift */,
				7A01FB4B2B76B33E00A813A5 /* FetchAllCharactersUseCase.swift */,
			);
			path = UseCases;
			sourceTree = "<group>";
		};
		7A092B282B76664300CE50CD /* Repository */ = {
			isa = PBXGroup;
			children = (
				7A01FB4D2B76B4C900A813A5 /* CharacterListRepositoryProtocol.swift */,
				7A01FB4F2B76B4D000A813A5 /* CharacterListRepository.swift */,
				7A01FB532B76F3AE00A813A5 /* CharacterListDTO.swift */,
			);
			path = Repository;
			sourceTree = "<group>";
		};
		7A092B2B2B7666D900CE50CD /* View */ = {
			isa = PBXGroup;
			children = (
				7A01FB612B7A70CC00A813A5 /* CharacterDetailView.swift */,
				7A50C8232B7D89FE003B7A64 /* CharacterDetailViewData.swift */,
				7A50C8292B7D8A48003B7A64 /* PlanetViewData.swift */,
				7A50C8272B7D8A41003B7A64 /* VehicleViewData.swift */,
				7A50C8252B7D8A25003B7A64 /* FilmViewData.swift */,
			);
			path = View;
			sourceTree = "<group>";
		};
		7A092B2C2B7666DD00CE50CD /* Presentation */ = {
			isa = PBXGroup;
			children = (
				7A50C80E2B7D3E5A003B7A64 /* PlanetModel.swift */,
				7A50C8102B7D3F4D003B7A64 /* VehicleModel.swift */,
				7A50C8122B7D42AC003B7A64 /* FilmModel.swift */,
				7A50C8002B7D3119003B7A64 /* CharacterDetailViewModelProtocol.swift */,
				7A50C8022B7D3129003B7A64 /* CharacterDetailViewModel.swift */,
			);
			path = Presentation;
			sourceTree = "<group>";
		};
		7A092B2D2B7666E100CE50CD /* UseCases */ = {
			isa = PBXGroup;
			children = (
				7A50C8042B7D3BBC003B7A64 /* FetchPlanetInformationUseCaseProtocol.swift */,
				7A50C8082B7D3D77003B7A64 /* FetchVehiclesUseCaseProtocol.swift */,
				7A50C8142B7D4314003B7A64 /* FetchFilmsUseCaseProtocol.swift */,
				7A50C8162B7D43E9003B7A64 /* FetchPlanetInformationUseCase.swift */,
				7A50C81F2B7D4AE2003B7A64 /* FetchVehiclesUseCase.swift */,
				7A50C8212B7D86D7003B7A64 /* FetchFilmsUseCase.swift */,
			);
			path = UseCases;
			sourceTree = "<group>";
		};
		7A092B2E2B7666E700CE50CD /* Repository */ = {
			isa = PBXGroup;
			children = (
				7A50C80A2B7D3DA5003B7A64 /* CharacterDetailRepositoryProtocol.swift */,
				7A50C80C2B7D3DB5003B7A64 /* CharacterDetailRepository.swift */,
			);
			path = Repository;
			sourceTree = "<group>";
		};
		7A50C8182B7D45AC003B7A64 /* Networking */ = {
			isa = PBXGroup;
			children = (
				7A50C8192B7D45DD003B7A64 /* NetworkingClientProtocol.swift */,
				7A50C81D2B7D46E4003B7A64 /* NetworkingRestClient.swift */,
			);
			path = Networking;
			sourceTree = "<group>";
		};
/* End PBXGroup section */

/* Begin PBXNativeTarget section */
		7A092AEF2B765B1900CE50CD /* TheStartWarsGuide */ = {
			isa = PBXNativeTarget;
			buildConfigurationList = 7A092B142B765B1F00CE50CD /* Build configuration list for PBXNativeTarget "TheStartWarsGuide" */;
			buildPhases = (
				7A092AEC2B765B1900CE50CD /* Sources */,
				7A092AED2B765B1900CE50CD /* Frameworks */,
				7A092AEE2B765B1900CE50CD /* Resources */,
			);
			buildRules = (
			);
			dependencies = (
			);
			name = TheStartWarsGuide;
			productName = TheStartWarsGuide;
			productReference = 7A092AF02B765B1900CE50CD /* TheStartWarsGuide.app */;
			productType = "com.apple.product-type.application";
		};
		7A092AFF2B765B1F00CE50CD /* TheStartWarsGuideTests */ = {
			isa = PBXNativeTarget;
			buildConfigurationList = 7A092B172B765B1F00CE50CD /* Build configuration list for PBXNativeTarget "TheStartWarsGuideTests" */;
			buildPhases = (
				7A092AFC2B765B1F00CE50CD /* Sources */,
				7A092AFD2B765B1F00CE50CD /* Frameworks */,
				7A092AFE2B765B1F00CE50CD /* Resources */,
			);
			buildRules = (
			);
			dependencies = (
				7A092B022B765B1F00CE50CD /* PBXTargetDependency */,
			);
			name = TheStartWarsGuideTests;
			productName = TheStartWarsGuideTests;
			productReference = 7A092B002B765B1F00CE50CD /* TheStartWarsGuideTests.xctest */;
			productType = "com.apple.product-type.bundle.unit-test";
		};
		7A092B092B765B1F00CE50CD /* TheStartWarsGuideUITests */ = {
			isa = PBXNativeTarget;
			buildConfigurationList = 7A092B1A2B765B1F00CE50CD /* Build configuration list for PBXNativeTarget "TheStartWarsGuideUITests" */;
			buildPhases = (
				7A092B062B765B1F00CE50CD /* Sources */,
				7A092B072B765B1F00CE50CD /* Frameworks */,
				7A092B082B765B1F00CE50CD /* Resources */,
			);
			buildRules = (
			);
			dependencies = (
				7A092B0C2B765B1F00CE50CD /* PBXTargetDependency */,
			);
			name = TheStartWarsGuideUITests;
			productName = TheStartWarsGuideUITests;
			productReference = 7A092B0A2B765B1F00CE50CD /* TheStartWarsGuideUITests.xctest */;
			productType = "com.apple.product-type.bundle.ui-testing";
		};
/* End PBXNativeTarget section */

/* Begin PBXProject section */
		7A092AE82B765B1900CE50CD /* Project object */ = {
			isa = PBXProject;
			attributes = {
				BuildIndependentTargetsInParallel = 1;
				LastSwiftUpdateCheck = 1520;
				LastUpgradeCheck = 1520;
				TargetAttributes = {
					7A092AEF2B765B1900CE50CD = {
						CreatedOnToolsVersion = 15.2;
					};
					7A092AFF2B765B1F00CE50CD = {
						CreatedOnToolsVersion = 15.2;
						TestTargetID = 7A092AEF2B765B1900CE50CD;
					};
					7A092B092B765B1F00CE50CD = {
						CreatedOnToolsVersion = 15.2;
						TestTargetID = 7A092AEF2B765B1900CE50CD;
					};
				};
			};
			buildConfigurationList = 7A092AEB2B765B1900CE50CD /* Build configuration list for PBXProject "TheStartWarsGuide" */;
			compatibilityVersion = "Xcode 14.0";
			developmentRegion = en;
			hasScannedForEncodings = 0;
			knownRegions = (
				en,
				Base,
			);
			mainGroup = 7A092AE72B765B1900CE50CD;
			productRefGroup = 7A092AF12B765B1900CE50CD /* Products */;
			projectDirPath = "";
			projectRoot = "";
			targets = (
				7A092AEF2B765B1900CE50CD /* TheStartWarsGuide */,
				7A092AFF2B765B1F00CE50CD /* TheStartWarsGuideTests */,
				7A092B092B765B1F00CE50CD /* TheStartWarsGuideUITests */,
			);
		};
/* End PBXProject section */

/* Begin PBXResourcesBuildPhase section */
		7A092AEE2B765B1900CE50CD /* Resources */ = {
			isa = PBXResourcesBuildPhase;
			buildActionMask = 2147483647;
			files = (
				7A092AFB2B765B1E00CE50CD /* Preview Assets.xcassets in Resources */,
				7A092AF82B765B1E00CE50CD /* Assets.xcassets in Resources */,
			);
			runOnlyForDeploymentPostprocessing = 0;
		};
		7A092AFE2B765B1F00CE50CD /* Resources */ = {
			isa = PBXResourcesBuildPhase;
			buildActionMask = 2147483647;
			files = (
			);
			runOnlyForDeploymentPostprocessing = 0;
		};
		7A092B082B765B1F00CE50CD /* Resources */ = {
			isa = PBXResourcesBuildPhase;
			buildActionMask = 2147483647;
			files = (
			);
			runOnlyForDeploymentPostprocessing = 0;
		};
/* End PBXResourcesBuildPhase section */

/* Begin PBXSourcesBuildPhase section */
		7A092AEC2B765B1900CE50CD /* Sources */ = {
			isa = PBXSourcesBuildPhase;
			buildActionMask = 2147483647;
			files = (
				7A01FB4A2B76B33000A813A5 /* FetchAllCharactersUseCaseProtocol.swift in Sources */,
				7A01FB522B76B55E00A813A5 /* CharacterModel.swift in Sources */,
				7A01FB6E2B7AE07B00A813A5 /* CharactersScenePushNavigationType.swift in Sources */,
				7A50C8092B7D3D77003B7A64 /* FetchVehiclesUseCaseProtocol.swift in Sources */,
				7A01FB5A2B76F70C00A813A5 /* CustomError.swift in Sources */,
				7A01FB642B7ADEF600A813A5 /* CharactersSceneCoordinatorView.swift in Sources */,
				7A01FB602B79995800A813A5 /* CharacterListViewData.swift in Sources */,
				7A01FB622B7A70CC00A813A5 /* CharacterDetailView.swift in Sources */,
				7A50C81A2B7D45DD003B7A64 /* NetworkingClientProtocol.swift in Sources */,
				7A50C80B2B7D3DA5003B7A64 /* CharacterDetailRepositoryProtocol.swift in Sources */,
				7A01FB482B76B2FA00A813A5 /* CharacterListViewModel.swift in Sources */,
				7A01FB5C2B77D58900A813A5 /* CharactersSceneBuilder.swift in Sources */,
				7A01FB542B76F3AE00A813A5 /* CharacterListDTO.swift in Sources */,
				7A50C8242B7D89FE003B7A64 /* CharacterDetailViewData.swift in Sources */,
				7A092B342B76673200CE50CD /* CharacterListView.swift in Sources */,
				7A50C8262B7D8A25003B7A64 /* FilmViewData.swift in Sources */,
				7A50C8012B7D3119003B7A64 /* CharacterDetailViewModelProtocol.swift in Sources */,
				7A01FB4E2B76B4C900A813A5 /* CharacterListRepositoryProtocol.swift in Sources */,
				7A50C8202B7D4AE2003B7A64 /* FetchVehiclesUseCase.swift in Sources */,
				7A50C8222B7D86D7003B7A64 /* FetchFilmsUseCase.swift in Sources */,
				7AD572732B7B096000492A14 /* CharacterListViewModelProtocol.swift in Sources */,
				7A50C8112B7D3F4D003B7A64 /* VehicleModel.swift in Sources */,
				7A50C81E2B7D46E4003B7A64 /* NetworkingRestClient.swift in Sources */,
				7A01FB662B7ADF0400A813A5 /* CharactersSceneCoordinatorViewModel.swift in Sources */,
				7A092AF42B765B1900CE50CD /* TheStartWarsGuideApp.swift in Sources */,
				7A01FB702B7AFE7500A813A5 /* CoordinatorProtocol.swift in Sources */,
				7A50C80F2B7D3E5A003B7A64 /* PlanetModel.swift in Sources */,
				7A01FB4C2B76B33E00A813A5 /* FetchAllCharactersUseCase.swift in Sources */,
				7AD572752B7C5AFE00492A14 /* NavigationTypeProtocols.swift in Sources */,
				7A50C8132B7D42AC003B7A64 /* FilmModel.swift in Sources */,
				7A50C8052B7D3BBC003B7A64 /* FetchPlanetInformationUseCaseProtocol.swift in Sources */,
				7A50C8172B7D43E9003B7A64 /* FetchPlanetInformationUseCase.swift in Sources */,
				7A01FB6C2B7ADFCD00A813A5 /* CharactersSceneCoordinatorViewModelProtocol.swift in Sources */,
				7A50C80D2B7D3DB5003B7A64 /* CharacterDetailRepository.swift in Sources */,
				7A50C8152B7D4314003B7A64 /* FetchFilmsUseCaseProtocol.swift in Sources */,
				7A01FB502B76B4D000A813A5 /* CharacterListRepository.swift in Sources */,
				7A50C8032B7D3129003B7A64 /* CharacterDetailViewModel.swift in Sources */,
				7A50C82A2B7D8A48003B7A64 /* PlanetViewData.swift in Sources */,
				7A50C8282B7D8A41003B7A64 /* VehicleViewData.swift in Sources */,
				7A01FB572B76F6B300A813A5 /* CharacterListConstants.swift in Sources */,
				7A01FB442B766D3800A813A5 /* CellWithImage.swift in Sources */,
			);
			runOnlyForDeploymentPostprocessing = 0;
		};
		7A092AFC2B765B1F00CE50CD /* Sources */ = {
			isa = PBXSourcesBuildPhase;
			buildActionMask = 2147483647;
			files = (
				7A092B052B765B1F00CE50CD /* TheStartWarsGuideTests.swift in Sources */,
			);
			runOnlyForDeploymentPostprocessing = 0;
		};
		7A092B062B765B1F00CE50CD /* Sources */ = {
			isa = PBXSourcesBuildPhase;
			buildActionMask = 2147483647;
			files = (
				7A092B0F2B765B1F00CE50CD /* TheStartWarsGuideUITests.swift in Sources */,
				7A092B112B765B1F00CE50CD /* TheStartWarsGuideUITestsLaunchTests.swift in Sources */,
			);
			runOnlyForDeploymentPostprocessing = 0;
		};
/* End PBXSourcesBuildPhase section */

/* Begin PBXTargetDependency section */
		7A092B022B765B1F00CE50CD /* PBXTargetDependency */ = {
			isa = PBXTargetDependency;
			target = 7A092AEF2B765B1900CE50CD /* TheStartWarsGuide */;
			targetProxy = 7A092B012B765B1F00CE50CD /* PBXContainerItemProxy */;
		};
		7A092B0C2B765B1F00CE50CD /* PBXTargetDependency */ = {
			isa = PBXTargetDependency;
			target = 7A092AEF2B765B1900CE50CD /* TheStartWarsGuide */;
			targetProxy = 7A092B0B2B765B1F00CE50CD /* PBXContainerItemProxy */;
		};
/* End PBXTargetDependency section */

/* Begin XCBuildConfiguration section */
		7A092B122B765B1F00CE50CD /* Debug */ = {
			isa = XCBuildConfiguration;
			buildSettings = {
				ALWAYS_SEARCH_USER_PATHS = NO;
				ASSETCATALOG_COMPILER_GENERATE_SWIFT_ASSET_SYMBOL_EXTENSIONS = YES;
				CLANG_ANALYZER_NONNULL = YES;
				CLANG_ANALYZER_NUMBER_OBJECT_CONVERSION = YES_AGGRESSIVE;
				CLANG_CXX_LANGUAGE_STANDARD = "gnu++20";
				CLANG_ENABLE_MODULES = YES;
				CLANG_ENABLE_OBJC_ARC = YES;
				CLANG_ENABLE_OBJC_WEAK = YES;
				CLANG_WARN_BLOCK_CAPTURE_AUTORELEASING = YES;
				CLANG_WARN_BOOL_CONVERSION = YES;
				CLANG_WARN_COMMA = YES;
				CLANG_WARN_CONSTANT_CONVERSION = YES;
				CLANG_WARN_DEPRECATED_OBJC_IMPLEMENTATIONS = YES;
				CLANG_WARN_DIRECT_OBJC_ISA_USAGE = YES_ERROR;
				CLANG_WARN_DOCUMENTATION_COMMENTS = YES;
				CLANG_WARN_EMPTY_BODY = YES;
				CLANG_WARN_ENUM_CONVERSION = YES;
				CLANG_WARN_INFINITE_RECURSION = YES;
				CLANG_WARN_INT_CONVERSION = YES;
				CLANG_WARN_NON_LITERAL_NULL_CONVERSION = YES;
				CLANG_WARN_OBJC_IMPLICIT_RETAIN_SELF = YES;
				CLANG_WARN_OBJC_LITERAL_CONVERSION = YES;
				CLANG_WARN_OBJC_ROOT_CLASS = YES_ERROR;
				CLANG_WARN_QUOTED_INCLUDE_IN_FRAMEWORK_HEADER = YES;
				CLANG_WARN_RANGE_LOOP_ANALYSIS = YES;
				CLANG_WARN_STRICT_PROTOTYPES = YES;
				CLANG_WARN_SUSPICIOUS_MOVE = YES;
				CLANG_WARN_UNGUARDED_AVAILABILITY = YES_AGGRESSIVE;
				CLANG_WARN_UNREACHABLE_CODE = YES;
				CLANG_WARN__DUPLICATE_METHOD_MATCH = YES;
				COPY_PHASE_STRIP = NO;
				DEBUG_INFORMATION_FORMAT = dwarf;
				ENABLE_STRICT_OBJC_MSGSEND = YES;
				ENABLE_TESTABILITY = YES;
				ENABLE_USER_SCRIPT_SANDBOXING = YES;
				GCC_C_LANGUAGE_STANDARD = gnu17;
				GCC_DYNAMIC_NO_PIC = NO;
				GCC_NO_COMMON_BLOCKS = YES;
				GCC_OPTIMIZATION_LEVEL = 0;
				GCC_PREPROCESSOR_DEFINITIONS = (
					"DEBUG=1",
					"$(inherited)",
				);
				GCC_WARN_64_TO_32_BIT_CONVERSION = YES;
				GCC_WARN_ABOUT_RETURN_TYPE = YES_ERROR;
				GCC_WARN_UNDECLARED_SELECTOR = YES;
				GCC_WARN_UNINITIALIZED_AUTOS = YES_AGGRESSIVE;
				GCC_WARN_UNUSED_FUNCTION = YES;
				GCC_WARN_UNUSED_VARIABLE = YES;
				IPHONEOS_DEPLOYMENT_TARGET = 17.2;
				LOCALIZATION_PREFERS_STRING_CATALOGS = YES;
				MTL_ENABLE_DEBUG_INFO = INCLUDE_SOURCE;
				MTL_FAST_MATH = YES;
				ONLY_ACTIVE_ARCH = YES;
				SDKROOT = iphoneos;
				SWIFT_ACTIVE_COMPILATION_CONDITIONS = "DEBUG $(inherited)";
				SWIFT_OPTIMIZATION_LEVEL = "-Onone";
			};
			name = Debug;
		};
		7A092B132B765B1F00CE50CD /* Release */ = {
			isa = XCBuildConfiguration;
			buildSettings = {
				ALWAYS_SEARCH_USER_PATHS = NO;
				ASSETCATALOG_COMPILER_GENERATE_SWIFT_ASSET_SYMBOL_EXTENSIONS = YES;
				CLANG_ANALYZER_NONNULL = YES;
				CLANG_ANALYZER_NUMBER_OBJECT_CONVERSION = YES_AGGRESSIVE;
				CLANG_CXX_LANGUAGE_STANDARD = "gnu++20";
				CLANG_ENABLE_MODULES = YES;
				CLANG_ENABLE_OBJC_ARC = YES;
				CLANG_ENABLE_OBJC_WEAK = YES;
				CLANG_WARN_BLOCK_CAPTURE_AUTORELEASING = YES;
				CLANG_WARN_BOOL_CONVERSION = YES;
				CLANG_WARN_COMMA = YES;
				CLANG_WARN_CONSTANT_CONVERSION = YES;
				CLANG_WARN_DEPRECATED_OBJC_IMPLEMENTATIONS = YES;
				CLANG_WARN_DIRECT_OBJC_ISA_USAGE = YES_ERROR;
				CLANG_WARN_DOCUMENTATION_COMMENTS = YES;
				CLANG_WARN_EMPTY_BODY = YES;
				CLANG_WARN_ENUM_CONVERSION = YES;
				CLANG_WARN_INFINITE_RECURSION = YES;
				CLANG_WARN_INT_CONVERSION = YES;
				CLANG_WARN_NON_LITERAL_NULL_CONVERSION = YES;
				CLANG_WARN_OBJC_IMPLICIT_RETAIN_SELF = YES;
				CLANG_WARN_OBJC_LITERAL_CONVERSION = YES;
				CLANG_WARN_OBJC_ROOT_CLASS = YES_ERROR;
				CLANG_WARN_QUOTED_INCLUDE_IN_FRAMEWORK_HEADER = YES;
				CLANG_WARN_RANGE_LOOP_ANALYSIS = YES;
				CLANG_WARN_STRICT_PROTOTYPES = YES;
				CLANG_WARN_SUSPICIOUS_MOVE = YES;
				CLANG_WARN_UNGUARDED_AVAILABILITY = YES_AGGRESSIVE;
				CLANG_WARN_UNREACHABLE_CODE = YES;
				CLANG_WARN__DUPLICATE_METHOD_MATCH = YES;
				COPY_PHASE_STRIP = NO;
				DEBUG_INFORMATION_FORMAT = "dwarf-with-dsym";
				ENABLE_NS_ASSERTIONS = NO;
				ENABLE_STRICT_OBJC_MSGSEND = YES;
				ENABLE_USER_SCRIPT_SANDBOXING = YES;
				GCC_C_LANGUAGE_STANDARD = gnu17;
				GCC_NO_COMMON_BLOCKS = YES;
				GCC_WARN_64_TO_32_BIT_CONVERSION = YES;
				GCC_WARN_ABOUT_RETURN_TYPE = YES_ERROR;
				GCC_WARN_UNDECLARED_SELECTOR = YES;
				GCC_WARN_UNINITIALIZED_AUTOS = YES_AGGRESSIVE;
				GCC_WARN_UNUSED_FUNCTION = YES;
				GCC_WARN_UNUSED_VARIABLE = YES;
				IPHONEOS_DEPLOYMENT_TARGET = 17.2;
				LOCALIZATION_PREFERS_STRING_CATALOGS = YES;
				MTL_ENABLE_DEBUG_INFO = NO;
				MTL_FAST_MATH = YES;
				SDKROOT = iphoneos;
				SWIFT_COMPILATION_MODE = wholemodule;
				VALIDATE_PRODUCT = YES;
			};
			name = Release;
		};
		7A092B152B765B1F00CE50CD /* Debug */ = {
			isa = XCBuildConfiguration;
			buildSettings = {
				ASSETCATALOG_COMPILER_APPICON_NAME = AppIcon;
				ASSETCATALOG_COMPILER_GLOBAL_ACCENT_COLOR_NAME = AccentColor;
				CODE_SIGN_STYLE = Automatic;
				CURRENT_PROJECT_VERSION = 1;
				DEVELOPMENT_ASSET_PATHS = "\"TheStartWarsGuide/Preview Content\"";
				ENABLE_PREVIEWS = YES;
				GENERATE_INFOPLIST_FILE = YES;
				INFOPLIST_KEY_UIApplicationSceneManifest_Generation = YES;
				INFOPLIST_KEY_UIApplicationSupportsIndirectInputEvents = YES;
				INFOPLIST_KEY_UILaunchScreen_Generation = YES;
				INFOPLIST_KEY_UISupportedInterfaceOrientations_iPad = "UIInterfaceOrientationPortrait UIInterfaceOrientationPortraitUpsideDown UIInterfaceOrientationLandscapeLeft UIInterfaceOrientationLandscapeRight";
				INFOPLIST_KEY_UISupportedInterfaceOrientations_iPhone = "UIInterfaceOrientationPortrait UIInterfaceOrientationLandscapeLeft UIInterfaceOrientationLandscapeRight";
				LD_RUNPATH_SEARCH_PATHS = (
					"$(inherited)",
					"@executable_path/Frameworks",
				);
				MARKETING_VERSION = 1.0;
				PRODUCT_BUNDLE_IDENTIFIER = com.ggiampietri.TheStartWarsGuide;
				PRODUCT_NAME = "$(TARGET_NAME)";
				SWIFT_EMIT_LOC_STRINGS = YES;
				SWIFT_VERSION = 5.0;
				TARGETED_DEVICE_FAMILY = "1,2";
			};
			name = Debug;
		};
		7A092B162B765B1F00CE50CD /* Release */ = {
			isa = XCBuildConfiguration;
			buildSettings = {
				ASSETCATALOG_COMPILER_APPICON_NAME = AppIcon;
				ASSETCATALOG_COMPILER_GLOBAL_ACCENT_COLOR_NAME = AccentColor;
				CODE_SIGN_STYLE = Automatic;
				CURRENT_PROJECT_VERSION = 1;
				DEVELOPMENT_ASSET_PATHS = "\"TheStartWarsGuide/Preview Content\"";
				ENABLE_PREVIEWS = YES;
				GENERATE_INFOPLIST_FILE = YES;
				INFOPLIST_KEY_UIApplicationSceneManifest_Generation = YES;
				INFOPLIST_KEY_UIApplicationSupportsIndirectInputEvents = YES;
				INFOPLIST_KEY_UILaunchScreen_Generation = YES;
				INFOPLIST_KEY_UISupportedInterfaceOrientations_iPad = "UIInterfaceOrientationPortrait UIInterfaceOrientationPortraitUpsideDown UIInterfaceOrientationLandscapeLeft UIInterfaceOrientationLandscapeRight";
				INFOPLIST_KEY_UISupportedInterfaceOrientations_iPhone = "UIInterfaceOrientationPortrait UIInterfaceOrientationLandscapeLeft UIInterfaceOrientationLandscapeRight";
				LD_RUNPATH_SEARCH_PATHS = (
					"$(inherited)",
					"@executable_path/Frameworks",
				);
				MARKETING_VERSION = 1.0;
				PRODUCT_BUNDLE_IDENTIFIER = com.ggiampietri.TheStartWarsGuide;
				PRODUCT_NAME = "$(TARGET_NAME)";
				SWIFT_EMIT_LOC_STRINGS = YES;
				SWIFT_VERSION = 5.0;
				TARGETED_DEVICE_FAMILY = "1,2";
			};
			name = Release;
		};
		7A092B182B765B1F00CE50CD /* Debug */ = {
			isa = XCBuildConfiguration;
			buildSettings = {
				ALWAYS_EMBED_SWIFT_STANDARD_LIBRARIES = YES;
				BUNDLE_LOADER = "$(TEST_HOST)";
				CODE_SIGN_STYLE = Automatic;
				CURRENT_PROJECT_VERSION = 1;
				GENERATE_INFOPLIST_FILE = YES;
				IPHONEOS_DEPLOYMENT_TARGET = 17.2;
				MARKETING_VERSION = 1.0;
				PRODUCT_BUNDLE_IDENTIFIER = com.ggiampietri.TheStartWarsGuideTests;
				PRODUCT_NAME = "$(TARGET_NAME)";
				SWIFT_EMIT_LOC_STRINGS = NO;
				SWIFT_VERSION = 5.0;
				TARGETED_DEVICE_FAMILY = "1,2";
				TEST_HOST = "$(BUILT_PRODUCTS_DIR)/TheStartWarsGuide.app/$(BUNDLE_EXECUTABLE_FOLDER_PATH)/TheStartWarsGuide";
			};
			name = Debug;
		};
		7A092B192B765B1F00CE50CD /* Release */ = {
			isa = XCBuildConfiguration;
			buildSettings = {
				ALWAYS_EMBED_SWIFT_STANDARD_LIBRARIES = YES;
				BUNDLE_LOADER = "$(TEST_HOST)";
				CODE_SIGN_STYLE = Automatic;
				CURRENT_PROJECT_VERSION = 1;
				GENERATE_INFOPLIST_FILE = YES;
				IPHONEOS_DEPLOYMENT_TARGET = 17.2;
				MARKETING_VERSION = 1.0;
				PRODUCT_BUNDLE_IDENTIFIER = com.ggiampietri.TheStartWarsGuideTests;
				PRODUCT_NAME = "$(TARGET_NAME)";
				SWIFT_EMIT_LOC_STRINGS = NO;
				SWIFT_VERSION = 5.0;
				TARGETED_DEVICE_FAMILY = "1,2";
				TEST_HOST = "$(BUILT_PRODUCTS_DIR)/TheStartWarsGuide.app/$(BUNDLE_EXECUTABLE_FOLDER_PATH)/TheStartWarsGuide";
			};
			name = Release;
		};
		7A092B1B2B765B1F00CE50CD /* Debug */ = {
			isa = XCBuildConfiguration;
			buildSettings = {
				ALWAYS_EMBED_SWIFT_STANDARD_LIBRARIES = YES;
				CODE_SIGN_STYLE = Automatic;
				CURRENT_PROJECT_VERSION = 1;
				GENERATE_INFOPLIST_FILE = YES;
				MARKETING_VERSION = 1.0;
				PRODUCT_BUNDLE_IDENTIFIER = com.ggiampietri.TheStartWarsGuideUITests;
				PRODUCT_NAME = "$(TARGET_NAME)";
				SWIFT_EMIT_LOC_STRINGS = NO;
				SWIFT_VERSION = 5.0;
				TARGETED_DEVICE_FAMILY = "1,2";
				TEST_TARGET_NAME = TheStartWarsGuide;
			};
			name = Debug;
		};
		7A092B1C2B765B1F00CE50CD /* Release */ = {
			isa = XCBuildConfiguration;
			buildSettings = {
				ALWAYS_EMBED_SWIFT_STANDARD_LIBRARIES = YES;
				CODE_SIGN_STYLE = Automatic;
				CURRENT_PROJECT_VERSION = 1;
				GENERATE_INFOPLIST_FILE = YES;
				MARKETING_VERSION = 1.0;
				PRODUCT_BUNDLE_IDENTIFIER = com.ggiampietri.TheStartWarsGuideUITests;
				PRODUCT_NAME = "$(TARGET_NAME)";
				SWIFT_EMIT_LOC_STRINGS = NO;
				SWIFT_VERSION = 5.0;
				TARGETED_DEVICE_FAMILY = "1,2";
				TEST_TARGET_NAME = TheStartWarsGuide;
			};
			name = Release;
		};
/* End XCBuildConfiguration section */

/* Begin XCConfigurationList section */
		7A092AEB2B765B1900CE50CD /* Build configuration list for PBXProject "TheStartWarsGuide" */ = {
			isa = XCConfigurationList;
			buildConfigurations = (
				7A092B122B765B1F00CE50CD /* Debug */,
				7A092B132B765B1F00CE50CD /* Release */,
			);
			defaultConfigurationIsVisible = 0;
			defaultConfigurationName = Release;
		};
		7A092B142B765B1F00CE50CD /* Build configuration list for PBXNativeTarget "TheStartWarsGuide" */ = {
			isa = XCConfigurationList;
			buildConfigurations = (
				7A092B152B765B1F00CE50CD /* Debug */,
				7A092B162B765B1F00CE50CD /* Release */,
			);
			defaultConfigurationIsVisible = 0;
			defaultConfigurationName = Release;
		};
		7A092B172B765B1F00CE50CD /* Build configuration list for PBXNativeTarget "TheStartWarsGuideTests" */ = {
			isa = XCConfigurationList;
			buildConfigurations = (
				7A092B182B765B1F00CE50CD /* Debug */,
				7A092B192B765B1F00CE50CD /* Release */,
			);
			defaultConfigurationIsVisible = 0;
			defaultConfigurationName = Release;
		};
		7A092B1A2B765B1F00CE50CD /* Build configuration list for PBXNativeTarget "TheStartWarsGuideUITests" */ = {
			isa = XCConfigurationList;
			buildConfigurations = (
				7A092B1B2B765B1F00CE50CD /* Debug */,
				7A092B1C2B765B1F00CE50CD /* Release */,
			);
			defaultConfigurationIsVisible = 0;
			defaultConfigurationName = Release;
		};
/* End XCConfigurationList section */
	};
	rootObject = 7A092AE82B765B1900CE50CD /* Project object */;
}
